version = 1
revision = 3
requires-python = ">=3.12"

[[package]]
name = "pypy"
version = "0.1.0"
source = { virtual = "." }
dependencies = [
    { name = "tina4-python" },
]

[package.metadata]
requires-dist = [{ name = "tina4-python", specifier = ">=3.1.0" }]

[[package]]
name = "tina4-python"
version = "3.10.91"
source = { registry = "https://pypi.org/simple" }
sdist = { url = "https://files.pythonhosted.org/packages/99/07/55825e04c306975f3c803d240218450843dd227ab34597b9c589fec29405/tina4_python-3.10.91.tar.gz", hash = "sha256:65afc915642cd7c0dc14ea3e10f67172a3cf0fedf6ae954fe60914e0d85800ef", size = 399815, upload-time = "2026-04-10T13:35:53.254Z" }
wheels = [
    { url = "https://files.pythonhosted.org/packages/f4/8b/f103307d349fe533ecf69e9eb43cc6b88e8fa4ff8dcaab686761e0b68ca4/tina4_python-3.10.91-py3-none-any.whl", hash = "sha256:0941e9b4f192aa8fe24c416cb93483f866308fd0ef6d0df1f5e77868f0f18c09", size = 490920, upload-time = "2026-04-10T13:35:51.572Z" },
]
