version = 1
revision = 3
requires-python = ">=3.12"

[[package]]
name = "pypy"
version = "0.1.0"
source = { virtual = "." }
dependencies = [
    { name = "tina4-python" },
]

[package.metadata]
requires-dist = [{ name = "tina4-python", specifier = ">=3.1.0" }]

[[package]]
name = "tina4-python"
version = "3.10.86"
source = { registry = "https://pypi.org/simple" }
sdist = { url = "https://files.pythonhosted.org/packages/42/22/4da71548e0b8f0e6cc283f740fce7e5675bcb3d1ad3c3c04acd82d52d4f9/tina4_python-3.10.86.tar.gz", hash = "sha256:67ce0c26508102054151f052ade8e86cc1889651db63d00db11b4852cd31215e", size = 390994, upload-time = "2026-04-09T12:19:47.511Z" }
wheels = [
    { url = "https://files.pythonhosted.org/packages/90/2a/caba2f8141c971255a2a3843775cafc44a0af27c03ad75ead3057bd5ba9d/tina4_python-3.10.86-py3-none-any.whl", hash = "sha256:5422898934662d037759bf8d96a2b6a0a9e59f037fc2ca8022084fff38200a30", size = 481556, upload-time = "2026-04-09T12:19:45.394Z" },
]
