version = 1
revision = 3
requires-python = ">=3.12"

[[package]]
name = "pypy"
version = "0.1.0"
source = { virtual = "." }
dependencies = [
    { name = "tina4-python" },
]

[package.metadata]
requires-dist = [{ name = "tina4-python", specifier = ">=3.1.0" }]

[[package]]
name = "tina4-python"
version = "3.10.74"
source = { registry = "https://pypi.org/simple" }
sdist = { url = "https://files.pythonhosted.org/packages/73/57/43f057bccf55ba96e6c4a72b63923323e0be30ae0779f3292b39324b3f83/tina4_python-3.10.74.tar.gz", hash = "sha256:8f2f9427dce571e9c32c2b5a3ab7358368869e1580b88efb331553c2a9fed483", size = 384437, upload-time = "2026-04-06T17:07:24.014Z" }
wheels = [
    { url = "https://files.pythonhosted.org/packages/89/64/2cd2bf5d6c84aeaaf2d5eb24d4cb67a4caf519c1b7ac3c9452e95ad0dec0/tina4_python-3.10.74-py3-none-any.whl", hash = "sha256:b6e2cffab4066282383103a9947d274d357ba4421cb505721e323d27cf4f953a", size = 470778, upload-time = "2026-04-06T17:07:22.325Z" },
]
