version = 1
revision = 3
requires-python = ">=3.12"

[[package]]
name = "myapp"
version = "0.1.0"
source = { virtual = "." }
dependencies = [
    { name = "tina4-python" },
]

[package.metadata]
requires-dist = [{ name = "tina4-python", specifier = ">=3.1.0" }]

[[package]]
name = "tina4-python"
version = "3.13.94"
source = { registry = "https://pypi.org/simple" }
sdist = { url = "https://files.pythonhosted.org/packages/e1/d1/2ac3c4d33b18b5a31df86e74f263e5a1196cce5509e49b3462fcc6c8e376/tina4_python-3.13.94.tar.gz", hash = "sha256:1f4e0fb2f831fb0bd559e1719b2891bb6459665bde98d0fb26f9c67739a95815", size = 973164, upload-time = "2026-07-29T07:59:26.062Z" }
wheels = [
    { url = "https://files.pythonhosted.org/packages/9a/b7/a55f952299be604230ef86d8b13e24d0a9bc7544b29d73c0a63b53b2d257/tina4_python-3.13.94-py3-none-any.whl", hash = "sha256:0db23e69d6304c899ee67e2c84edfae5f470d0c604fc45ad96b82c6141415a0c", size = 1082350, upload-time = "2026-07-29T07:59:24.324Z" },
]
