version = 1
revision = 3
requires-python = ">=3.12"

[[package]]
name = "easy"
version = "0.1.0"
source = { virtual = "." }
dependencies = [
    { name = "tina4-python" },
]

[package.metadata]
requires-dist = [{ name = "tina4-python", specifier = ">=3.1.0" }]

[[package]]
name = "tina4-python"
version = "3.13.81"
source = { registry = "https://pypi.org/simple" }
sdist = { url = "https://files.pythonhosted.org/packages/5d/bd/f082077a0f3ef0de60207ec194d8c29726b2f891e6982563bf720a8d33c4/tina4_python-3.13.81.tar.gz", hash = "sha256:0bc730983ff60ffaef36acf5d5db39d50c801b9877880f707654a12b9987eb7e", size = 1237353, upload-time = "2026-07-21T15:13:32.356Z" }
wheels = [
    { url = "https://files.pythonhosted.org/packages/23/eb/a2551306768ff75fc603fa90f2d15444d0cd0c67cba51a825ee8c7a21c65/tina4_python-3.13.81-py3-none-any.whl", hash = "sha256:fe8070360bcd3af1632dc150368646cfe70409f716d0b1d8ccff86bd3e11b1ba", size = 1346654, upload-time = "2026-07-21T15:13:30.324Z" },
]
