version = 1
revision = 3
requires-python = ">=3.12"

[[package]]
name = "tina4"
version = "0.1.0"
source = { virtual = "." }
dependencies = [
    { name = "tina4-python" },
]

[package.metadata]
requires-dist = [{ name = "tina4-python", specifier = ">=3.1.0" }]

[[package]]
name = "tina4-python"
version = "3.13.97"
source = { registry = "https://pypi.org/simple" }
sdist = { url = "https://files.pythonhosted.org/packages/69/19/2b15327adb7be315a81887454f0548807061809f49d0eed8c32ebb91533f/tina4_python-3.13.97.tar.gz", hash = "sha256:4731caa74a48e0b58b6a86e6ffc45aa80977a617fa1e4b785c469ecd0ca42148", size = 1043697, upload-time = "2026-08-07T17:35:45.787Z" }
wheels = [
    { url = "https://files.pythonhosted.org/packages/7a/5c/06bd90bbd237516ebaf0f6400f064f92ec182f56da5fbaa387a1a03ba855/tina4_python-3.13.97-py3-none-any.whl", hash = "sha256:e08d946508d5deeadf9746ff656cc45f77368aba96dd9eede255fac2c0d4be2e", size = 1154922, upload-time = "2026-08-07T17:35:44.226Z" },
]
